
Microsoft Visual Studio Solution File, Format Version 12.00
Project("{FAE04EC0-301F-11D3-BF4B-00C04F79EFBC}") = "AlphaCatalyst", "AlphaCatalyst\AlphaCatalyst.csproj", "{6AEC2AAD-1013-486B-8F8B-3733A7E30309}"
EndProject
Project("{FAE04EC0-301F-11D3-BF4B-00C04F79EFBC}") = "LegacyCatalyst", "LegacyCatalyst\LegacyCatalyst.csproj", "{74476BD4-A65A-4E32-9BF8-15CD2424D738}"
EndProject
Project("{FAE04EC0-301F-11D3-BF4B-00C04F79EFBC}") = "Catalyst.Engine", "Catalyst.Engine\Catalyst.Engine.csproj", "{841CA236-78CD-497F-9311-8ADCF8D760A3}"
EndProject
Project("{FAE04EC0-301F-11D3-BF4B-00C04F79EFBC}") = "Catalyst.Common", "Catalyst.Common\Catalyst.Common.csproj", "{E042B952-B806-4822-A0DF-A1369D296F28}"
EndProject
Global
	GlobalSection(SolutionConfigurationPlatforms) = preSolution
		Debug|Any CPU = Debug|Any CPU
		Release|Any CPU = Release|Any CPU
	EndGlobalSection
	GlobalSection(ProjectConfigurationPlatforms) = postSolution
		{6AEC2AAD-1013-486B-8F8B-3733A7E30309}.Debug|Any CPU.ActiveCfg = Debug|Any CPU
		{6AEC2AAD-1013-486B-8F8B-3733A7E30309}.Debug|Any CPU.Build.0 = Debug|Any CPU
		{6AEC2AAD-1013-486B-8F8B-3733A7E30309}.Release|Any CPU.ActiveCfg = Release|Any CPU
		{6AEC2AAD-1013-486B-8F8B-3733A7E30309}.Release|Any CPU.Build.0 = Release|Any CPU
		{74476BD4-A65A-4E32-9BF8-15CD2424D738}.Debug|Any CPU.ActiveCfg = Debug|Any CPU
		{74476BD4-A65A-4E32-9BF8-15CD2424D738}.Debug|Any CPU.Build.0 = Debug|Any CPU
		{74476BD4-A65A-4E32-9BF8-15CD2424D738}.Release|Any CPU.ActiveCfg = Release|Any CPU
		{74476BD4-A65A-4E32-9BF8-15CD2424D738}.Release|Any CPU.Build.0 = Release|Any CPU
		{841CA236-78CD-497F-9311-8ADCF8D760A3}.Debug|Any CPU.ActiveCfg = Debug|Any CPU
		{841CA236-78CD-497F-9311-8ADCF8D760A3}.Debug|Any CPU.Build.0 = Debug|Any CPU
		{841CA236-78CD-497F-9311-8ADCF8D760A3}.Release|Any CPU.ActiveCfg = Release|Any CPU
		{841CA236-78CD-497F-9311-8ADCF8D760A3}.Release|Any CPU.Build.0 = Release|Any CPU
		{E042B952-B806-4822-A0DF-A1369D296F28}.Debug|Any CPU.ActiveCfg = Debug|Any CPU
		{E042B952-B806-4822-A0DF-A1369D296F28}.Debug|Any CPU.Build.0 = Debug|Any CPU
		{E042B952-B806-4822-A0DF-A1369D296F28}.Release|Any CPU.ActiveCfg = Release|Any CPU
		{E042B952-B806-4822-A0DF-A1369D296F28}.Release|Any CPU.Build.0 = Release|Any CPU
	EndGlobalSection
EndGlobal
